
Microsoft Visual Studio Solution File, Format Version 12.00
# Visual Studio 15
VisualStudioVersion = 15.0.28010.2050
MinimumVisualStudioVersion = 10.0.40219.1
Project("{FAE04EC0-301F-11D3-BF4B-00C04F79EFBC}") = "ShopingCartApp", "ShopingCartApp\ShopingCartApp.csproj", "{C84AFFE2-28BD-4B00-9D64-E4EE2E73E9B9}"
EndProject
Global
	GlobalSection(SolutionConfigurationPlatforms) = preSolution
		Debug|Any CPU = Debug|Any CPU
		Release|Any CPU = Release|Any CPU
	EndGlobalSection
	GlobalSection(ProjectConfigurationPlatforms) = postSolution
		{C84AFFE2-28BD-4B00-9D64-E4EE2E73E9B9}.Debug|Any CPU.ActiveCfg = Debug|Any CPU
		{C84AFFE2-28BD-4B00-9D64-E4EE2E73E9B9}.Debug|Any CPU.Build.0 = Debug|Any CPU
		{C84AFFE2-28BD-4B00-9D64-E4EE2E73E9B9}.Release|Any CPU.ActiveCfg = Release|Any CPU
		{C84AFFE2-28BD-4B00-9D64-E4EE2E73E9B9}.Release|Any CPU.Build.0 = Release|Any CPU
	EndGlobalSection
	GlobalSection(SolutionProperties) = preSolution
		HideSolutionNode = FALSE
	EndGlobalSection
	GlobalSection(ExtensibilityGlobals) = postSolution
		SolutionGuid = {ADB489E8-40BE-4258-83E3-488D08593F9D}
	EndGlobalSection
EndGlobal
